
Microsoft Visual Studio Solution File, Format Version 12.00
# Visual Studio Version 17
VisualStudioVersion = 17.14.36414.22
MinimumVisualStudioVersion = 10.0.40219.1
Project("{FAE04EC0-301F-11D3-BF4B-00C04F79EFBC}") = "ContractRegistryApp", "ContractRegistryApp.csproj", "{B71839A8-A09F-4CA9-9985-B3F79815EB51}"
EndProject
Project("{FAE04EC0-301F-11D3-BF4B-00C04F79EFBC}") = "ContractRegistryApp.Tests", "..\ContractRegistryApp.Tests\ContractRegistryApp.Tests.csproj", "{9D1DE34E-0713-4526-A173-0E0BC0F1BC9F}"
EndProject
Global
	GlobalSection(SolutionConfigurationPlatforms) = preSolution
		Debug|Any CPU = Debug|Any CPU
		Release|Any CPU = Release|Any CPU
	EndGlobalSection
	GlobalSection(ProjectConfigurationPlatforms) = postSolution
		{B71839A8-A09F-4CA9-9985-B3F79815EB51}.Debug|Any CPU.ActiveCfg = Debug|Any CPU
		{B71839A8-A09F-4CA9-9985-B3F79815EB51}.Debug|Any CPU.Build.0 = Debug|Any CPU
		{B71839A8-A09F-4CA9-9985-B3F79815EB51}.Release|Any CPU.ActiveCfg = Release|Any CPU
		{B71839A8-A09F-4CA9-9985-B3F79815EB51}.Release|Any CPU.Build.0 = Release|Any CPU
		{9D1DE34E-0713-4526-A173-0E0BC0F1BC9F}.Debug|Any CPU.ActiveCfg = Debug|Any CPU
		{9D1DE34E-0713-4526-A173-0E0BC0F1BC9F}.Debug|Any CPU.Build.0 = Debug|Any CPU
		{9D1DE34E-0713-4526-A173-0E0BC0F1BC9F}.Release|Any CPU.ActiveCfg = Release|Any CPU
		{9D1DE34E-0713-4526-A173-0E0BC0F1BC9F}.Release|Any CPU.Build.0 = Release|Any CPU
	EndGlobalSection
	GlobalSection(SolutionProperties) = preSolution
		HideSolutionNode = FALSE
	EndGlobalSection
	GlobalSection(ExtensibilityGlobals) = postSolution
		SolutionGuid = {D4387891-1881-493D-90A0-E9154F96BE91}
	EndGlobalSection
EndGlobal
